
Microsoft Visual Studio Solution File, Format Version 12.00
# Visual Studio Version 17
VisualStudioVersion = 17.11.35222.181
MinimumVisualStudioVersion = 10.0.40219.1
Project("{8BC9CEB8-8B4A-11D0-8D11-00A0C91BC942}") = "Interactive I_O and Mathematical Expressions Programming Project", "Interactive I_O and Mathematical Expressions Programming Project.vcxproj", "{E399F7CF-959B-4D5B-8788-F8D950686585}"
EndProject
Global
	GlobalSection(SolutionConfigurationPlatforms) = preSolution
		Debug|x64 = Debug|x64
		Debug|x86 = Debug|x86
		Release|x64 = Release|x64
		Release|x86 = Release|x86
	EndGlobalSection
	GlobalSection(ProjectConfigurationPlatforms) = postSolution
		{E399F7CF-959B-4D5B-8788-F8D950686585}.Debug|x64.ActiveCfg = Debug|x64
		{E399F7CF-959B-4D5B-8788-F8D950686585}.Debug|x64.Build.0 = Debug|x64
		{E399F7CF-959B-4D5B-8788-F8D950686585}.Debug|x86.ActiveCfg = Debug|Win32
		{E399F7CF-959B-4D5B-8788-F8D950686585}.Debug|x86.Build.0 = Debug|Win32
		{E399F7CF-959B-4D5B-8788-F8D950686585}.Release|x64.ActiveCfg = Release|x64
		{E399F7CF-959B-4D5B-8788-F8D950686585}.Release|x64.Build.0 = Release|x64
		{E399F7CF-959B-4D5B-8788-F8D950686585}.Release|x86.ActiveCfg = Release|Win32
		{E399F7CF-959B-4D5B-8788-F8D950686585}.Release|x86.Build.0 = Release|Win32
	EndGlobalSection
	GlobalSection(SolutionProperties) = preSolution
		HideSolutionNode = FALSE
	EndGlobalSection
	GlobalSection(ExtensibilityGlobals) = postSolution
		SolutionGuid = {990CB9B4-44AD-40D9-B15B-20097786BCAE}
	EndGlobalSection
EndGlobal
